
Microsoft Visual Studio Solution File, Format Version 12.00
# Visual Studio Version 17
VisualStudioVersion = 17.5.33516.290
MinimumVisualStudioVersion = 10.0.40219.1
Project("{FAE04EC0-301F-11D3-BF4B-00C04F79EFBC}") = "TestHSTS", "TestHSTS.csproj", "{08F8986E-7248-4ED0-BA83-B2487478B90D}"
EndProject
Global
	GlobalSection(SolutionConfigurationPlatforms) = preSolution
		Debug|Any CPU = Debug|Any CPU
		Release|Any CPU = Release|Any CPU
	EndGlobalSection
	GlobalSection(ProjectConfigurationPlatforms) = postSolution
		{08F8986E-7248-4ED0-BA83-B2487478B90D}.Debug|Any CPU.ActiveCfg = Debug|Any CPU
		{08F8986E-7248-4ED0-BA83-B2487478B90D}.Debug|Any CPU.Build.0 = Debug|Any CPU
		{08F8986E-7248-4ED0-BA83-B2487478B90D}.Release|Any CPU.ActiveCfg = Release|Any CPU
		{08F8986E-7248-4ED0-BA83-B2487478B90D}.Release|Any CPU.Build.0 = Release|Any CPU
	EndGlobalSection
	GlobalSection(SolutionProperties) = preSolution
		HideSolutionNode = FALSE
	EndGlobalSection
	GlobalSection(ExtensibilityGlobals) = postSolution
		SolutionGuid = {30BE4F6C-F53E-4185-A446-E30117F55916}
	EndGlobalSection
EndGlobal
